
Microsoft Visual Studio Solution File, Format Version 12.00
# Visual Studio Version 17
VisualStudioVersion = 17.12.35527.113 d17.12
MinimumVisualStudioVersion = 10.0.40219.1
Project("{FAE04EC0-301F-11D3-BF4B-00C04F79EFBC}") = "DalTest", "DalTest\DalTest.csproj", "{B84D9765-D531-407D-AE96-DA5CAD62677F}"
EndProject
Project("{FAE04EC0-301F-11D3-BF4B-00C04F79EFBC}") = "DalFacade", "DalFacade\DalFacade.csproj", "{2FAB677B-0114-4908-B07C-BD39F477A413}"
EndProject
Project("{FAE04EC0-301F-11D3-BF4B-00C04F79EFBC}") = "DalList", "DalList\DalList.csproj", "{1BFCCFF5-2D8D-4DBF-B2A3-2DB976DA5E6C}"
EndProject
Global
	GlobalSection(SolutionConfigurationPlatforms) = preSolution
		Debug|Any CPU = Debug|Any CPU
		Release|Any CPU = Release|Any CPU
	EndGlobalSection
	GlobalSection(ProjectConfigurationPlatforms) = postSolution
		{B84D9765-D531-407D-AE96-DA5CAD62677F}.Debug|Any CPU.ActiveCfg = Debug|Any CPU
		{B84D9765-D531-407D-AE96-DA5CAD62677F}.Debug|Any CPU.Build.0 = Debug|Any CPU
		{B84D9765-D531-407D-AE96-DA5CAD62677F}.Release|Any CPU.ActiveCfg = Release|Any CPU
		{B84D9765-D531-407D-AE96-DA5CAD62677F}.Release|Any CPU.Build.0 = Release|Any CPU
		{2FAB677B-0114-4908-B07C-BD39F477A413}.Debug|Any CPU.ActiveCfg = Debug|Any CPU
		{2FAB677B-0114-4908-B07C-BD39F477A413}.Debug|Any CPU.Build.0 = Debug|Any CPU
		{2FAB677B-0114-4908-B07C-BD39F477A413}.Release|Any CPU.ActiveCfg = Release|Any CPU
		{2FAB677B-0114-4908-B07C-BD39F477A413}.Release|Any CPU.Build.0 = Release|Any CPU
		{1BFCCFF5-2D8D-4DBF-B2A3-2DB976DA5E6C}.Debug|Any CPU.ActiveCfg = Debug|Any CPU
		{1BFCCFF5-2D8D-4DBF-B2A3-2DB976DA5E6C}.Debug|Any CPU.Build.0 = Debug|Any CPU
		{1BFCCFF5-2D8D-4DBF-B2A3-2DB976DA5E6C}.Release|Any CPU.ActiveCfg = Release|Any CPU
		{1BFCCFF5-2D8D-4DBF-B2A3-2DB976DA5E6C}.Release|Any CPU.Build.0 = Release|Any CPU
	EndGlobalSection
	GlobalSection(SolutionProperties) = preSolution
		HideSolutionNode = FALSE
	EndGlobalSection
EndGlobal
