
Microsoft Visual Studio Solution File, Format Version 12.00
# Visual Studio Version 17
VisualStudioVersion = 17.14.36705.20
MinimumVisualStudioVersion = 10.0.40219.1
Project("{FAE04EC0-301F-11D3-BF4B-00C04F79EFBC}") = "Parameters", "Parameters\Parameters.csproj", "{00B54D1B-E098-46D6-8A2D-2B956BB231B1}"
EndProject
Project("{FAE04EC0-301F-11D3-BF4B-00C04F79EFBC}") = "Parameters2", "Parameters2\Parameters2.csproj", "{A5D57C42-8D69-4968-8122-A8F547DF0C9C}"
EndProject
Global
	GlobalSection(SolutionConfigurationPlatforms) = preSolution
		Debug|Any CPU = Debug|Any CPU
		Release|Any CPU = Release|Any CPU
	EndGlobalSection
	GlobalSection(ProjectConfigurationPlatforms) = postSolution
		{00B54D1B-E098-46D6-8A2D-2B956BB231B1}.Debug|Any CPU.ActiveCfg = Debug|Any CPU
		{00B54D1B-E098-46D6-8A2D-2B956BB231B1}.Debug|Any CPU.Build.0 = Debug|Any CPU
		{00B54D1B-E098-46D6-8A2D-2B956BB231B1}.Release|Any CPU.ActiveCfg = Release|Any CPU
		{00B54D1B-E098-46D6-8A2D-2B956BB231B1}.Release|Any CPU.Build.0 = Release|Any CPU
		{A5D57C42-8D69-4968-8122-A8F547DF0C9C}.Debug|Any CPU.ActiveCfg = Debug|Any CPU
		{A5D57C42-8D69-4968-8122-A8F547DF0C9C}.Debug|Any CPU.Build.0 = Debug|Any CPU
		{A5D57C42-8D69-4968-8122-A8F547DF0C9C}.Release|Any CPU.ActiveCfg = Release|Any CPU
		{A5D57C42-8D69-4968-8122-A8F547DF0C9C}.Release|Any CPU.Build.0 = Release|Any CPU
	EndGlobalSection
	GlobalSection(SolutionProperties) = preSolution
		HideSolutionNode = FALSE
	EndGlobalSection
	GlobalSection(ExtensibilityGlobals) = postSolution
		SolutionGuid = {6B03366D-CFE8-4B11-A68F-2E32174A9CF1}
	EndGlobalSection
EndGlobal
